
Microsoft Visual Studio Solution File, Format Version 12.00
# Visual Studio Version 17
VisualStudioVersion = 17.0.31903.59
MinimumVisualStudioVersion = 10.0.40219.1
Project("{2150E333-8FDC-42A3-9474-1A3956D46DE8}") = "src", "src", "{827E0CD3-B72D-47B6-A68D-7590B98EB39B}"
EndProject
Project("{FAE04EC0-301F-11D3-BF4B-00C04F79EFBC}") = "TaskFlow.Domain", "src\TaskFlow.Domain\TaskFlow.Domain.csproj", "{41494C93-ABC9-4058-A222-B2825DAB4A6D}"
EndProject
Project("{FAE04EC0-301F-11D3-BF4B-00C04F79EFBC}") = "TaskFlow.Application", "src\TaskFlow.Application\TaskFlow.Application.csproj", "{8C5D00B2-0025-4A78-8949-1336993EF62E}"
EndProject
Project("{FAE04EC0-301F-11D3-BF4B-00C04F79EFBC}") = "TaskFlow.Infrastructure", "src\TaskFlow.Infrastructure\TaskFlow.Infrastructure.csproj", "{8DC9519E-5310-4827-A6EA-949D95859AAB}"
EndProject
Project("{FAE04EC0-301F-11D3-BF4B-00C04F79EFBC}") = "TaskFlow.API", "src\TaskFlow.API\TaskFlow.API.csproj", "{55A34814-4774-405D-8FD8-10EB866978F2}"
EndProject
Global
	GlobalSection(SolutionConfigurationPlatforms) = preSolution
		Debug|Any CPU = Debug|Any CPU
		Debug|x64 = Debug|x64
		Debug|x86 = Debug|x86
		Release|Any CPU = Release|Any CPU
		Release|x64 = Release|x64
		Release|x86 = Release|x86
	EndGlobalSection
	GlobalSection(ProjectConfigurationPlatforms) = postSolution
		{41494C93-ABC9-4058-A222-B2825DAB4A6D}.Debug|Any CPU.ActiveCfg = Debug|Any CPU
		{41494C93-ABC9-4058-A222-B2825DAB4A6D}.Debug|Any CPU.Build.0 = Debug|Any CPU
		{41494C93-ABC9-4058-A222-B2825DAB4A6D}.Debug|x64.ActiveCfg = Debug|Any CPU
		{41494C93-ABC9-4058-A222-B2825DAB4A6D}.Debug|x64.Build.0 = Debug|Any CPU
		{41494C93-ABC9-4058-A222-B2825DAB4A6D}.Debug|x86.ActiveCfg = Debug|Any CPU
		{41494C93-ABC9-4058-A222-B2825DAB4A6D}.Debug|x86.Build.0 = Debug|Any CPU
		{41494C93-ABC9-4058-A222-B2825DAB4A6D}.Release|Any CPU.ActiveCfg = Release|Any CPU
		{41494C93-ABC9-4058-A222-B2825DAB4A6D}.Release|Any CPU.Build.0 = Release|Any CPU
		{41494C93-ABC9-4058-A222-B2825DAB4A6D}.Release|x64.ActiveCfg = Release|Any CPU
		{41494C93-ABC9-4058-A222-B2825DAB4A6D}.Release|x64.Build.0 = Release|Any CPU
		{41494C93-ABC9-4058-A222-B2825DAB4A6D}.Release|x86.ActiveCfg = Release|Any CPU
		{41494C93-ABC9-4058-A222-B2825DAB4A6D}.Release|x86.Build.0 = Release|Any CPU
		{8C5D00B2-0025-4A78-8949-1336993EF62E}.Debug|Any CPU.ActiveCfg = Debug|Any CPU
		{8C5D00B2-0025-4A78-8949-1336993EF62E}.Debug|Any CPU.Build.0 = Debug|Any CPU
		{8C5D00B2-0025-4A78-8949-1336993EF62E}.Debug|x64.ActiveCfg = Debug|Any CPU
		{8C5D00B2-0025-4A78-8949-1336993EF62E}.Debug|x64.Build.0 = Debug|Any CPU
		{8C5D00B2-0025-4A78-8949-1336993EF62E}.Debug|x86.ActiveCfg = Debug|Any CPU
		{8C5D00B2-0025-4A78-8949-1336993EF62E}.Debug|x86.Build.0 = Debug|Any CPU
		{8C5D00B2-0025-4A78-8949-1336993EF62E}.Release|Any CPU.ActiveCfg = Release|Any CPU
		{8C5D00B2-0025-4A78-8949-1336993EF62E}.Release|Any CPU.Build.0 = Release|Any CPU
		{8C5D00B2-0025-4A78-8949-1336993EF62E}.Release|x64.ActiveCfg = Release|Any CPU
		{8C5D00B2-0025-4A78-8949-1336993EF62E}.Release|x64.Build.0 = Release|Any CPU
		{8C5D00B2-0025-4A78-8949-1336993EF62E}.Release|x86.ActiveCfg = Release|Any CPU
		{8C5D00B2-0025-4A78-8949-1336993EF62E}.Release|x86.Build.0 = Release|Any CPU
		{8DC9519E-5310-4827-A6EA-949D95859AAB}.Debug|Any CPU.ActiveCfg = Debug|Any CPU
		{8DC9519E-5310-4827-A6EA-949D95859AAB}.Debug|Any CPU.Build.0 = Debug|Any CPU
		{8DC9519E-5310-4827-A6EA-949D95859AAB}.Debug|x64.ActiveCfg = Debug|Any CPU
		{8DC9519E-5310-4827-A6EA-949D95859AAB}.Debug|x64.Build.0 = Debug|Any CPU
		{8DC9519E-5310-4827-A6EA-949D95859AAB}.Debug|x86.ActiveCfg = Debug|Any CPU
		{8DC9519E-5310-4827-A6EA-949D95859AAB}.Debug|x86.Build.0 = Debug|Any CPU
		{8DC9519E-5310-4827-A6EA-949D95859AAB}.Release|Any CPU.ActiveCfg = Release|Any CPU
		{8DC9519E-5310-4827-A6EA-949D95859AAB}.Release|Any CPU.Build.0 = Release|Any CPU
		{8DC9519E-5310-4827-A6EA-949D95859AAB}.Release|x64.ActiveCfg = Release|Any CPU
		{8DC9519E-5310-4827-A6EA-949D95859AAB}.Release|x64.Build.0 = Release|Any CPU
		{8DC9519E-5310-4827-A6EA-949D95859AAB}.Release|x86.ActiveCfg = Release|Any CPU
		{8DC9519E-5310-4827-A6EA-949D95859AAB}.Release|x86.Build.0 = Release|Any CPU
		{55A34814-4774-405D-8FD8-10EB866978F2}.Debug|Any CPU.ActiveCfg = Debug|Any CPU
		{55A34814-4774-405D-8FD8-10EB866978F2}.Debug|Any CPU.Build.0 = Debug|Any CPU
		{55A34814-4774-405D-8FD8-10EB866978F2}.Debug|x64.ActiveCfg = Debug|Any CPU
		{55A34814-4774-405D-8FD8-10EB866978F2}.Debug|x64.Build.0 = Debug|Any CPU
		{55A34814-4774-405D-8FD8-10EB866978F2}.Debug|x86.ActiveCfg = Debug|Any CPU
		{55A34814-4774-405D-8FD8-10EB866978F2}.Debug|x86.Build.0 = Debug|Any CPU
		{55A34814-4774-405D-8FD8-10EB866978F2}.Release|Any CPU.ActiveCfg = Release|Any CPU
		{55A34814-4774-405D-8FD8-10EB866978F2}.Release|Any CPU.Build.0 = Release|Any CPU
		{55A34814-4774-405D-8FD8-10EB866978F2}.Release|x64.ActiveCfg = Release|Any CPU
		{55A34814-4774-405D-8FD8-10EB866978F2}.Release|x64.Build.0 = Release|Any CPU
		{55A34814-4774-405D-8FD8-10EB866978F2}.Release|x86.ActiveCfg = Release|Any CPU
		{55A34814-4774-405D-8FD8-10EB866978F2}.Release|x86.Build.0 = Release|Any CPU
	EndGlobalSection
	GlobalSection(SolutionProperties) = preSolution
		HideSolutionNode = FALSE
	EndGlobalSection
	GlobalSection(NestedProjects) = preSolution
		{41494C93-ABC9-4058-A222-B2825DAB4A6D} = {827E0CD3-B72D-47B6-A68D-7590B98EB39B}
		{8C5D00B2-0025-4A78-8949-1336993EF62E} = {827E0CD3-B72D-47B6-A68D-7590B98EB39B}
		{8DC9519E-5310-4827-A6EA-949D95859AAB} = {827E0CD3-B72D-47B6-A68D-7590B98EB39B}
		{55A34814-4774-405D-8FD8-10EB866978F2} = {827E0CD3-B72D-47B6-A68D-7590B98EB39B}
	EndGlobalSection
EndGlobal
